
Microsoft Visual Studio Solution File, Format Version 12.00
# Visual Studio Version 16
VisualStudioVersion = 16.6.30114.105
MinimumVisualStudioVersion = 10.0.40219.1
Project("{FAE04EC0-301F-11D3-BF4B-00C04F79EFBC}") = "scraper", "scraper\scraper.csproj", "{E08BC25C-B39B-40F9-8114-A8D6545EE1C1}"
EndProject
Project("{FAE04EC0-301F-11D3-BF4B-00C04F79EFBC}") = "server", "server\server.csproj", "{C2D22A33-5317-47A3-B28A-E151224D3E46}"
EndProject
Project("{FAE04EC0-301F-11D3-BF4B-00C04F79EFBC}") = "ConsoleTest", "ConsoleTest\ConsoleTest.csproj", "{0D8E3B5F-2511-4174-8129-275500753585}"
EndProject
Global
	GlobalSection(SolutionConfigurationPlatforms) = preSolution
		Debug|Any CPU = Debug|Any CPU
		Debug|x64 = Debug|x64
		Debug|x86 = Debug|x86
		Release|Any CPU = Release|Any CPU
		Release|x64 = Release|x64
		Release|x86 = Release|x86
	EndGlobalSection
	GlobalSection(SolutionProperties) = preSolution
		HideSolutionNode = FALSE
	EndGlobalSection
	GlobalSection(ProjectConfigurationPlatforms) = postSolution
		{E08BC25C-B39B-40F9-8114-A8D6545EE1C1}.Debug|Any CPU.ActiveCfg = Debug|Any CPU
		{E08BC25C-B39B-40F9-8114-A8D6545EE1C1}.Debug|Any CPU.Build.0 = Debug|Any CPU
		{E08BC25C-B39B-40F9-8114-A8D6545EE1C1}.Debug|x64.ActiveCfg = Debug|Any CPU
		{E08BC25C-B39B-40F9-8114-A8D6545EE1C1}.Debug|x64.Build.0 = Debug|Any CPU
		{E08BC25C-B39B-40F9-8114-A8D6545EE1C1}.Debug|x86.ActiveCfg = Debug|Any CPU
		{E08BC25C-B39B-40F9-8114-A8D6545EE1C1}.Debug|x86.Build.0 = Debug|Any CPU
		{E08BC25C-B39B-40F9-8114-A8D6545EE1C1}.Release|Any CPU.ActiveCfg = Release|Any CPU
		{E08BC25C-B39B-40F9-8114-A8D6545EE1C1}.Release|Any CPU.Build.0 = Release|Any CPU
		{E08BC25C-B39B-40F9-8114-A8D6545EE1C1}.Release|x64.ActiveCfg = Release|Any CPU
		{E08BC25C-B39B-40F9-8114-A8D6545EE1C1}.Release|x64.Build.0 = Release|Any CPU
		{E08BC25C-B39B-40F9-8114-A8D6545EE1C1}.Release|x86.ActiveCfg = Release|Any CPU
		{E08BC25C-B39B-40F9-8114-A8D6545EE1C1}.Release|x86.Build.0 = Release|Any CPU
		{C2D22A33-5317-47A3-B28A-E151224D3E46}.Debug|Any CPU.ActiveCfg = Debug|Any CPU
		{C2D22A33-5317-47A3-B28A-E151224D3E46}.Debug|Any CPU.Build.0 = Debug|Any CPU
		{C2D22A33-5317-47A3-B28A-E151224D3E46}.Debug|x64.ActiveCfg = Debug|Any CPU
		{C2D22A33-5317-47A3-B28A-E151224D3E46}.Debug|x64.Build.0 = Debug|Any CPU
		{C2D22A33-5317-47A3-B28A-E151224D3E46}.Debug|x86.ActiveCfg = Debug|Any CPU
		{C2D22A33-5317-47A3-B28A-E151224D3E46}.Debug|x86.Build.0 = Debug|Any CPU
		{C2D22A33-5317-47A3-B28A-E151224D3E46}.Release|Any CPU.ActiveCfg = Release|Any CPU
		{C2D22A33-5317-47A3-B28A-E151224D3E46}.Release|Any CPU.Build.0 = Release|Any CPU
		{C2D22A33-5317-47A3-B28A-E151224D3E46}.Release|x64.ActiveCfg = Release|Any CPU
		{C2D22A33-5317-47A3-B28A-E151224D3E46}.Release|x64.Build.0 = Release|Any CPU
		{C2D22A33-5317-47A3-B28A-E151224D3E46}.Release|x86.ActiveCfg = Release|Any CPU
		{C2D22A33-5317-47A3-B28A-E151224D3E46}.Release|x86.Build.0 = Release|Any CPU
		{0D8E3B5F-2511-4174-8129-275500753585}.Debug|Any CPU.ActiveCfg = Debug|Any CPU
		{0D8E3B5F-2511-4174-8129-275500753585}.Debug|Any CPU.Build.0 = Debug|Any CPU
		{0D8E3B5F-2511-4174-8129-275500753585}.Debug|x64.ActiveCfg = Debug|Any CPU
		{0D8E3B5F-2511-4174-8129-275500753585}.Debug|x64.Build.0 = Debug|Any CPU
		{0D8E3B5F-2511-4174-8129-275500753585}.Debug|x86.ActiveCfg = Debug|Any CPU
		{0D8E3B5F-2511-4174-8129-275500753585}.Debug|x86.Build.0 = Debug|Any CPU
		{0D8E3B5F-2511-4174-8129-275500753585}.Release|Any CPU.ActiveCfg = Release|Any CPU
		{0D8E3B5F-2511-4174-8129-275500753585}.Release|Any CPU.Build.0 = Release|Any CPU
		{0D8E3B5F-2511-4174-8129-275500753585}.Release|x64.ActiveCfg = Release|Any CPU
		{0D8E3B5F-2511-4174-8129-275500753585}.Release|x64.Build.0 = Release|Any CPU
		{0D8E3B5F-2511-4174-8129-275500753585}.Release|x86.ActiveCfg = Release|Any CPU
		{0D8E3B5F-2511-4174-8129-275500753585}.Release|x86.Build.0 = Release|Any CPU
	EndGlobalSection
EndGlobal
